
Microsoft Visual Studio Solution File, Format Version 12.00
# Visual Studio 2015
Project("{FAE04EC0-301F-11D3-BF4B-00C04F79EFBC}") = "Framework.CSharp", "Framework.CSharp.csproj", "{D2A30F4F-F8D9-C3C0-0790-DC7EEE1CB684}"
EndProject
Global
	GlobalSection(SolutionConfigurationPlatforms) = preSolution
		Debug|Any CPU = Debug|Any CPU
		Release|Any CPU = Release|Any CPU
	EndGlobalSection
	GlobalSection(ProjectConfigurationPlatforms) = postSolution
		{D2A30F4F-F8D9-C3C0-0790-DC7EEE1CB684}.Debug|Any CPU.ActiveCfg = Debug|Any CPU
		{D2A30F4F-F8D9-C3C0-0790-DC7EEE1CB684}.Debug|Any CPU.Build.0 = Debug|Any CPU
		{D2A30F4F-F8D9-C3C0-0790-DC7EEE1CB684}.Release|Any CPU.ActiveCfg = Release|Any CPU
		{D2A30F4F-F8D9-C3C0-0790-DC7EEE1CB684}.Release|Any CPU.Build.0 = Release|Any CPU
	EndGlobalSection
	GlobalSection(SolutionProperties) = preSolution
		HideSolutionNode = FALSE
	EndGlobalSection
EndGlobal
